# This file is autogenerated, do not edit; changes may be undone by the next 'dep ensure'.


[[projects]]
  branch = "master"
  digest = "1:98441688941416464a9f56869d7d5dbc149200716e4f0ac952119d4f544cf7fd"
  name = "github.com/Baozisoftware/qrcode-terminal-go"
  packages = ["."]
  pruneopts = "UT"
  revision = "c0650d8dff0f053901ff16185217b950d5e7743c"

[[projects]]
  digest = "1:608b2b045f70e1c7002181db5d614fe8edf6a70bd151c2abcb8928af002bc17b"
  name = "github.com/Jeffail/gabs"
  packages = ["."]
  pruneopts = "UT"
  revision = "74ef14cf8f407ee3ca8ec01bb6f52d6104edea80"
  version = "v1.2.0"

[[projects]]
  branch = "master"
  digest = "1:f1ed1b7719007ab569ad0b3e39b0d2845f1737b632c4138074349eccaf94319f"
  name = "github.com/dimaskiddo/go-whatsapp"
  packages = [
    ".",
    "binary",
    "binary/proto",
    "binary/token",
    "crypto/cbc",
    "crypto/curve25519",
    "crypto/hkdf",
  ]
  pruneopts = "UT"
  revision = "cbe3100090a47af1670f1311afca6d661ec5e849"

[[projects]]
  digest = "1:318f1c959a8a740366fce4b1e1eb2fd914036b4af58fbd0a003349b305f118ad"
  name = "github.com/golang/protobuf"
  packages = ["proto"]
  pruneopts = "UT"
  revision = "b5d812f8a3706043e23a9cd5babf2e5423744d30"
  version = "v1.3.1"

[[projects]]
  digest = "1:7b5c6e2eeaa9ae5907c391a91c132abfd5c9e8a784a341b5625e750c67e6825d"
  name = "github.com/gorilla/websocket"
  packages = ["."]
  pruneopts = "UT"
  revision = "66b9c49e59c6c48f0ffce28c2d8b8a5678502c6d"
  version = "v1.4.0"

[[projects]]
  digest = "1:870d441fe217b8e689d7949fef6e43efbc787e50f200cb1e70dbca9204a1d6be"
  name = "github.com/inconshreveable/mousetrap"
  packages = ["."]
  pruneopts = "UT"
  revision = "76626ae9c91c4f2a10f34cad8ce83ea42c93bb75"
  version = "v1.0"

[[projects]]
  digest = "1:2fa7b0155cd54479a755c629de26f888a918e13f8857a2c442205d825368e084"
  name = "github.com/mattn/go-colorable"
  packages = ["."]
  pruneopts = "UT"
  revision = "3a70a971f94a22f2fa562ffcc7a0eb45f5daf045"
  version = "v0.1.1"

[[projects]]
  digest = "1:e150b5fafbd7607e2d638e4e5cf43aa4100124e5593385147b0a74e2733d8b0d"
  name = "github.com/mattn/go-isatty"
  packages = ["."]
  pruneopts = "UT"
  revision = "c2a7a6ca930a4cd0bc33a3f298eb71960732a3a7"
  version = "v0.0.7"

[[projects]]
  digest = "1:cf31692c14422fa27c83a05292eb5cbe0fb2775972e8f1f8446a71549bd8980b"
  name = "github.com/pkg/errors"
  packages = ["."]
  pruneopts = "UT"
  revision = "ba968bfe8b2f7e042a574c888954fccecfa385b4"
  version = "v0.8.1"

[[projects]]
  branch = "master"
  digest = "1:7439e1e9a33b9d7d3eb7048fe50851a47186fd82d0fc6c481f749fb2c9901f61"
  name = "github.com/skip2/go-qrcode"
  packages = [
    ".",
    "bitset",
    "reedsolomon",
  ]
  pruneopts = "UT"
  revision = "dc11ecdae0a9889dc81a343585516404e8dc6ead"

[[projects]]
  digest = "1:645cabccbb4fa8aab25a956cbcbdf6a6845ca736b2c64e197ca7cbb9d210b939"
  name = "github.com/spf13/cobra"
  packages = ["."]
  pruneopts = "UT"
  revision = "ef82de70bb3f60c65fb8eebacbb2d122ef517385"
  version = "v0.0.3"

[[projects]]
  digest = "1:c1b1102241e7f645bc8e0c22ae352e8f0dc6484b6cb4d132fa9f24174e0119e2"
  name = "github.com/spf13/pflag"
  packages = ["."]
  pruneopts = "UT"
  revision = "298182f68c66c05229eb03ac171abe6e309ee79a"
  version = "v1.0.3"

[[projects]]
  branch = "master"
  digest = "1:2f4e4bfd68413c3d31f4d60c9cba1051e779e990f3c6ba57edf3d7ed22faabb0"
  name = "golang.org/x/crypto"
  packages = [
    "curve25519",
    "hkdf",
  ]
  pruneopts = "UT"
  revision = "a5d413f7728c81fb97d96a2b722368945f651e78"

[[projects]]
  branch = "master"
  digest = "1:e18c1645adfe83d66f80d3676040e478895669f9456ca8bafa6a7290656c1b48"
  name = "golang.org/x/sys"
  packages = ["unix"]
  pruneopts = "UT"
  revision = "81d4e9dc473e5e8c933f2aaeba2a3d81efb9aed2"

[solve-meta]
  analyzer-name = "dep"
  analyzer-version = 1
  input-imports = [
    "github.com/Baozisoftware/qrcode-terminal-go",
    "github.com/Jeffail/gabs",
    "github.com/dimaskiddo/go-whatsapp",
    "github.com/spf13/cobra",
  ]
  solver-name = "gps-cdcl"
  solver-version = 1
